// !$*UTF8*$!
{
	archiveVersion = 1;
	classes = {
	};
	objectVersion = 46;
	objects = {

/* Begin PBXBuildFile section */
		182136D21B0B209D00EA57E6 /* main.m in Sources */ = {isa = PBXBuildFile; fileRef = 182136D11B0B209D00EA57E6 /* main.m */; };
		182136D51B0B209D00EA57E6 /* AppDelegate.m in Sources */ = {isa = PBXBuildFile; fileRef = 182136D41B0B209D00EA57E6 /* AppDelegate.m */; };
		182136D81B0B209D00EA57E6 /* ViewController.m in Sources */ = {isa = PBXBuildFile; fileRef = 182136D71B0B209D00EA57E6 /* ViewController.m */; };
		182136DB1B0B209D00EA57E6 /* Main.storyboard in Resources */ = {isa = PBXBuildFile; fileRef = 182136D91B0B209D00EA57E6 /* Main.storyboard */; };
		182136DD1B0B209D00EA57E6 /* Images.xcassets in Resources */ = {isa = PBXBuildFile; fileRef = 182136DC1B0B209D00EA57E6 /* Images.xcassets */; };
		182136E01B0B209D00EA57E6 /* LaunchScreen.xib in Resources */ = {isa = PBXBuildFile; fileRef = 182136DE1B0B209D00EA57E6 /* LaunchScreen.xib */; };
		182136EC1B0B209D00EA57E6 /* SpaceShuttleTests.m in Sources */ = {isa = PBXBuildFile; fileRef = 182136EB1B0B209D00EA57E6 /* SpaceShuttleTests.m */; };
		182136F81B0B219B00EA57E6 /* SpaceShuttleManager.m in Sources */ = {isa = PBXBuildFile; fileRef = 182136F71B0B219B00EA57E6 /* SpaceShuttleManager.m */; };
		185AB3101B0EC64B00ADF537 /* PresentTransitionTask.m in Sources */ = {isa = PBXBuildFile; fileRef = 185AB30F1B0EC64B00ADF537 /* PresentTransitionTask.m */; };
		18614D1C1B0DB85300C512C0 /* SpaceShuttleRouter.m in Sources */ = {isa = PBXBuildFile; fileRef = 18614D1B1B0DB85300C512C0 /* SpaceShuttleRouter.m */; };
		18614D411B0DC7D000C512C0 /* UIViewController+Route.m in Sources */ = {isa = PBXBuildFile; fileRef = 18614D401B0DC7D000C512C0 /* UIViewController+Route.m */; };
		18614D481B0DF24B00C512C0 /* SpaceShuttleTransitionTask.m in Sources */ = {isa = PBXBuildFile; fileRef = 18614D471B0DF24B00C512C0 /* SpaceShuttleTransitionTask.m */; };
		18614D4B1B0DF72C00C512C0 /* UIViewController+Supply.m in Sources */ = {isa = PBXBuildFile; fileRef = 18614D4A1B0DF72C00C512C0 /* UIViewController+Supply.m */; };
		18614D4E1B0DF7E200C512C0 /* SuccViewController.m in Sources */ = {isa = PBXBuildFile; fileRef = 18614D4D1B0DF7E200C512C0 /* SuccViewController.m */; };
/* End PBXBuildFile section */

/* Begin PBXContainerItemProxy section */
		182136E61B0B209D00EA57E6 /* PBXContainerItemProxy */ = {
			isa = PBXContainerItemProxy;
			containerPortal = 182136C41B0B209D00EA57E6 /* Project object */;
			proxyType = 1;
			remoteGlobalIDString = 182136CB1B0B209D00EA57E6;
			remoteInfo = SpaceShuttle;
		};
/* End PBXContainerItemProxy section */

/* Begin PBXFileReference section */
		182136CC1B0B209D00EA57E6 /* SpaceShuttle.app */ = {isa = PBXFileReference; explicitFileType = wrapper.application; includeInIndex = 0; path = SpaceShuttle.app; sourceTree = BUILT_PRODUCTS_DIR; };
		182136D01B0B209D00EA57E6 /* Info.plist */ = {isa = PBXFileReference; lastKnownFileType = text.plist.xml; path = Info.plist; sourceTree = "<group>"; };
		182136D11B0B209D00EA57E6 /* main.m */ = {isa = PBXFileReference; lastKnownFileType = sourcecode.c.objc; path = main.m; sourceTree = "<group>"; };
		182136D31B0B209D00EA57E6 /* AppDelegate.h */ = {isa = PBXFileReference; lastKnownFileType = sourcecode.c.h; path = AppDelegate.h; sourceTree = "<group>"; };
		182136D41B0B209D00EA57E6 /* AppDelegate.m */ = {isa = PBXFileReference; lastKnownFileType = sourcecode.c.objc; path = AppDelegate.m; sourceTree = "<group>"; };
		182136D61B0B209D00EA57E6 /* ViewController.h */ = {isa = PBXFileReference; lastKnownFileType = sourcecode.c.h; path = ViewController.h; sourceTree = "<group>"; };
		182136D71B0B209D00EA57E6 /* ViewController.m */ = {isa = PBXFileReference; lastKnownFileType = sourcecode.c.objc; path = ViewController.m; sourceTree = "<group>"; };
		182136DA1B0B209D00EA57E6 /* Base */ = {isa = PBXFileReference; lastKnownFileType = file.storyboard; name = Base; path = Base.lproj/Main.storyboard; sourceTree = "<group>"; };
		182136DC1B0B209D00EA57E6 /* Images.xcassets */ = {isa = PBXFileReference; lastKnownFileType = folder.assetcatalog; path = Images.xcassets; sourceTree = "<group>"; };
		182136DF1B0B209D00EA57E6 /* Base */ = {isa = PBXFileReference; lastKnownFileType = file.xib; name = Base; path = Base.lproj/LaunchScreen.xib; sourceTree = "<group>"; };
		182136E51B0B209D00EA57E6 /* SpaceShuttleTests.xctest */ = {isa = PBXFileReference; explicitFileType = wrapper.cfbundle; includeInIndex = 0; path = SpaceShuttleTests.xctest; sourceTree = BUILT_PRODUCTS_DIR; };
		182136EA1B0B209D00EA57E6 /* Info.plist */ = {isa = PBXFileReference; lastKnownFileType = text.plist.xml; path = Info.plist; sourceTree = "<group>"; };
		182136EB1B0B209D00EA57E6 /* SpaceShuttleTests.m */ = {isa = PBXFileReference; lastKnownFileType = sourcecode.c.objc; path = SpaceShuttleTests.m; sourceTree = "<group>"; };
		182136F61B0B219B00EA57E6 /* SpaceShuttleManager.h */ = {isa = PBXFileReference; fileEncoding = 4; lastKnownFileType = sourcecode.c.h; path = SpaceShuttleManager.h; sourceTree = "<group>"; };
		182136F71B0B219B00EA57E6 /* SpaceShuttleManager.m */ = {isa = PBXFileReference; fileEncoding = 4; lastKnownFileType = sourcecode.c.objc; path = SpaceShuttleManager.m; sourceTree = "<group>"; };
		185AB30E1B0EC64B00ADF537 /* PresentTransitionTask.h */ = {isa = PBXFileReference; fileEncoding = 4; lastKnownFileType = sourcecode.c.h; path = PresentTransitionTask.h; sourceTree = "<group>"; };
		185AB30F1B0EC64B00ADF537 /* PresentTransitionTask.m */ = {isa = PBXFileReference; fileEncoding = 4; lastKnownFileType = sourcecode.c.objc; path = PresentTransitionTask.m; sourceTree = "<group>"; };
		18614D1A1B0DB85300C512C0 /* SpaceShuttleRouter.h */ = {isa = PBXFileReference; fileEncoding = 4; lastKnownFileType = sourcecode.c.h; path = SpaceShuttleRouter.h; sourceTree = "<group>"; };
		18614D1B1B0DB85300C512C0 /* SpaceShuttleRouter.m */ = {isa = PBXFileReference; fileEncoding = 4; lastKnownFileType = sourcecode.c.objc; path = SpaceShuttleRouter.m; sourceTree = "<group>"; };
		18614D3A1B0DC36000C512C0 /* SpaceShuttle.h */ = {isa = PBXFileReference; lastKnownFileType = sourcecode.c.h; path = SpaceShuttle.h; sourceTree = "<group>"; };
		18614D3F1B0DC7D000C512C0 /* UIViewController+Route.h */ = {isa = PBXFileReference; fileEncoding = 4; lastKnownFileType = sourcecode.c.h; path = "UIViewController+Route.h"; sourceTree = "<group>"; };
		18614D401B0DC7D000C512C0 /* UIViewController+Route.m */ = {isa = PBXFileReference; fileEncoding = 4; lastKnownFileType = sourcecode.c.objc; path = "UIViewController+Route.m"; sourceTree = "<group>"; };
		18614D461B0DF24B00C512C0 /* SpaceShuttleTransitionTask.h */ = {isa = PBXFileReference; fileEncoding = 4; lastKnownFileType = sourcecode.c.h; path = SpaceShuttleTransitionTask.h; sourceTree = "<group>"; };
		18614D471B0DF24B00C512C0 /* SpaceShuttleTransitionTask.m */ = {isa = PBXFileReference; fileEncoding = 4; lastKnownFileType = sourcecode.c.objc; path = SpaceShuttleTransitionTask.m; sourceTree = "<group>"; };
		18614D491B0DF72C00C512C0 /* UIViewController+Supply.h */ = {isa = PBXFileReference; fileEncoding = 4; lastKnownFileType = sourcecode.c.h; path = "UIViewController+Supply.h"; sourceTree = "<group>"; };
		18614D4A1B0DF72C00C512C0 /* UIViewController+Supply.m */ = {isa = PBXFileReference; fileEncoding = 4; lastKnownFileType = sourcecode.c.objc; path = "UIViewController+Supply.m"; sourceTree = "<group>"; };
		18614D4C1B0DF7E200C512C0 /* SuccViewController.h */ = {isa = PBXFileReference; fileEncoding = 4; lastKnownFileType = sourcecode.c.h; path = SuccViewController.h; sourceTree = "<group>"; };
		18614D4D1B0DF7E200C512C0 /* SuccViewController.m */ = {isa = PBXFileReference; fileEncoding = 4; lastKnownFileType = sourcecode.c.objc; path = SuccViewController.m; sourceTree = "<group>"; };
/* End PBXFileReference section */

/* Begin PBXFrameworksBuildPhase section */
		182136C91B0B209D00EA57E6 /* Frameworks */ = {
			isa = PBXFrameworksBuildPhase;
			buildActionMask = 2147483647;
			files = (
			);
			runOnlyForDeploymentPostprocessing = 0;
		};
		182136E21B0B209D00EA57E6 /* Frameworks */ = {
			isa = PBXFrameworksBuildPhase;
			buildActionMask = 2147483647;
			files = (
			);
			runOnlyForDeploymentPostprocessing = 0;
		};
/* End PBXFrameworksBuildPhase section */

/* Begin PBXGroup section */
		182136C31B0B209D00EA57E6 = {
			isa = PBXGroup;
			children = (
				182136CE1B0B209D00EA57E6 /* SpaceShuttle */,
				182136E81B0B209D00EA57E6 /* SpaceShuttleTests */,
				182136CD1B0B209D00EA57E6 /* Products */,
			);
			sourceTree = "<group>";
		};
		182136CD1B0B209D00EA57E6 /* Products */ = {
			isa = PBXGroup;
			children = (
				182136CC1B0B209D00EA57E6 /* SpaceShuttle.app */,
				182136E51B0B209D00EA57E6 /* SpaceShuttleTests.xctest */,
			);
			name = Products;
			sourceTree = "<group>";
		};
		182136CE1B0B209D00EA57E6 /* SpaceShuttle */ = {
			isa = PBXGroup;
			children = (
				182136F51B0B20B100EA57E6 /* Classes */,
				182136D31B0B209D00EA57E6 /* AppDelegate.h */,
				182136D41B0B209D00EA57E6 /* AppDelegate.m */,
				182136D61B0B209D00EA57E6 /* ViewController.h */,
				182136D71B0B209D00EA57E6 /* ViewController.m */,
				18614D4C1B0DF7E200C512C0 /* SuccViewController.h */,
				18614D4D1B0DF7E200C512C0 /* SuccViewController.m */,
				185AB30E1B0EC64B00ADF537 /* PresentTransitionTask.h */,
				185AB30F1B0EC64B00ADF537 /* PresentTransitionTask.m */,
				182136D91B0B209D00EA57E6 /* Main.storyboard */,
				182136DC1B0B209D00EA57E6 /* Images.xcassets */,
				182136DE1B0B209D00EA57E6 /* LaunchScreen.xib */,
				182136CF1B0B209D00EA57E6 /* Supporting Files */,
			);
			path = SpaceShuttle;
			sourceTree = "<group>";
		};
		182136CF1B0B209D00EA57E6 /* Supporting Files */ = {
			isa = PBXGroup;
			children = (
				182136D01B0B209D00EA57E6 /* Info.plist */,
				182136D11B0B209D00EA57E6 /* main.m */,
			);
			name = "Supporting Files";
			sourceTree = "<group>";
		};
		182136E81B0B209D00EA57E6 /* SpaceShuttleTests */ = {
			isa = PBXGroup;
			children = (
				182136EB1B0B209D00EA57E6 /* SpaceShuttleTests.m */,
				182136E91B0B209D00EA57E6 /* Supporting Files */,
			);
			path = SpaceShuttleTests;
			sourceTree = "<group>";
		};
		182136E91B0B209D00EA57E6 /* Supporting Files */ = {
			isa = PBXGroup;
			children = (
				182136EA1B0B209D00EA57E6 /* Info.plist */,
			);
			name = "Supporting Files";
			sourceTree = "<group>";
		};
		182136F51B0B20B100EA57E6 /* Classes */ = {
			isa = PBXGroup;
			children = (
				182136F61B0B219B00EA57E6 /* SpaceShuttleManager.h */,
				182136F71B0B219B00EA57E6 /* SpaceShuttleManager.m */,
				18614D1A1B0DB85300C512C0 /* SpaceShuttleRouter.h */,
				18614D1B1B0DB85300C512C0 /* SpaceShuttleRouter.m */,
				18614D461B0DF24B00C512C0 /* SpaceShuttleTransitionTask.h */,
				18614D471B0DF24B00C512C0 /* SpaceShuttleTransitionTask.m */,
				18614D3A1B0DC36000C512C0 /* SpaceShuttle.h */,
				18614D3E1B0DC7C800C512C0 /* Category */,
			);
			path = Classes;
			sourceTree = SOURCE_ROOT;
		};
		18614D3E1B0DC7C800C512C0 /* Category */ = {
			isa = PBXGroup;
			children = (
				18614D3F1B0DC7D000C512C0 /* UIViewController+Route.h */,
				18614D401B0DC7D000C512C0 /* UIViewController+Route.m */,
				18614D491B0DF72C00C512C0 /* UIViewController+Supply.h */,
				18614D4A1B0DF72C00C512C0 /* UIViewController+Supply.m */,
			);
			path = Category;
			sourceTree = "<group>";
		};
/* End PBXGroup section */

/* Begin PBXNativeTarget section */
		182136CB1B0B209D00EA57E6 /* SpaceShuttle */ = {
			isa = PBXNativeTarget;
			buildConfigurationList = 182136EF1B0B209D00EA57E6 /* Build configuration list for PBXNativeTarget "SpaceShuttle" */;
			buildPhases = (
				182136C81B0B209D00EA57E6 /* Sources */,
				182136C91B0B209D00EA57E6 /* Frameworks */,
				182136CA1B0B209D00EA57E6 /* Resources */,
			);
			buildRules = (
			);
			dependencies = (
			);
			name = SpaceShuttle;
			productName = SpaceShuttle;
			productReference = 182136CC1B0B209D00EA57E6 /* SpaceShuttle.app */;
			productType = "com.apple.product-type.application";
		};
		182136E41B0B209D00EA57E6 /* SpaceShuttleTests */ = {
			isa = PBXNativeTarget;
			buildConfigurationList = 182136F21B0B209D00EA57E6 /* Build configuration list for PBXNativeTarget "SpaceShuttleTests" */;
			buildPhases = (
				182136E11B0B209D00EA57E6 /* Sources */,
				182136E21B0B209D00EA57E6 /* Frameworks */,
				182136E31B0B209D00EA57E6 /* Resources */,
			);
			buildRules = (
			);
			dependencies = (
				182136E71B0B209D00EA57E6 /* PBXTargetDependency */,
			);
			name = SpaceShuttleTests;
			productName = SpaceShuttleTests;
			productReference = 182136E51B0B209D00EA57E6 /* SpaceShuttleTests.xctest */;
			productType = "com.apple.product-type.bundle.unit-test";
		};
/* End PBXNativeTarget section */

/* Begin PBXProject section */
		182136C41B0B209D00EA57E6 /* Project object */ = {
			isa = PBXProject;
			attributes = {
				LastUpgradeCheck = 0630;
				ORGANIZATIONNAME = DeltaX;
				TargetAttributes = {
					182136CB1B0B209D00EA57E6 = {
						CreatedOnToolsVersion = 6.3;
					};
					182136E41B0B209D00EA57E6 = {
						CreatedOnToolsVersion = 6.3;
						TestTargetID = 182136CB1B0B209D00EA57E6;
					};
				};
			};
			buildConfigurationList = 182136C71B0B209D00EA57E6 /* Build configuration list for PBXProject "SpaceShuttle" */;
			compatibilityVersion = "Xcode 3.2";
			developmentRegion = English;
			hasScannedForEncodings = 0;
			knownRegions = (
				en,
				Base,
			);
			mainGroup = 182136C31B0B209D00EA57E6;
			productRefGroup = 182136CD1B0B209D00EA57E6 /* Products */;
			projectDirPath = "";
			projectRoot = "";
			targets = (
				182136CB1B0B209D00EA57E6 /* SpaceShuttle */,
				182136E41B0B209D00EA57E6 /* SpaceShuttleTests */,
			);
		};
/* End PBXProject section */

/* Begin PBXResourcesBuildPhase section */
		182136CA1B0B209D00EA57E6 /* Resources */ = {
			isa = PBXResourcesBuildPhase;
			buildActionMask = 2147483647;
			files = (
				182136DB1B0B209D00EA57E6 /* Main.storyboard in Resources */,
				182136E01B0B209D00EA57E6 /* LaunchScreen.xib in Resources */,
				182136DD1B0B209D00EA57E6 /* Images.xcassets in Resources */,
			);
			runOnlyForDeploymentPostprocessing = 0;
		};
		182136E31B0B209D00EA57E6 /* Resources */ = {
			isa = PBXResourcesBuildPhase;
			buildActionMask = 2147483647;
			files = (
			);
			runOnlyForDeploymentPostprocessing = 0;
		};
/* End PBXResourcesBuildPhase section */

/* Begin PBXSourcesBuildPhase section */
		182136C81B0B209D00EA57E6 /* Sources */ = {
			isa = PBXSourcesBuildPhase;
			buildActionMask = 2147483647;
			files = (
				18614D4E1B0DF7E200C512C0 /* SuccViewController.m in Sources */,
				18614D4B1B0DF72C00C512C0 /* UIViewController+Supply.m in Sources */,
				182136F81B0B219B00EA57E6 /* SpaceShuttleManager.m in Sources */,
				18614D1C1B0DB85300C512C0 /* SpaceShuttleRouter.m in Sources */,
				18614D481B0DF24B00C512C0 /* SpaceShuttleTransitionTask.m in Sources */,
				18614D411B0DC7D000C512C0 /* UIViewController+Route.m in Sources */,
				182136D81B0B209D00EA57E6 /* ViewController.m in Sources */,
				182136D51B0B209D00EA57E6 /* AppDelegate.m in Sources */,
				182136D21B0B209D00EA57E6 /* main.m in Sources */,
				185AB3101B0EC64B00ADF537 /* PresentTransitionTask.m in Sources */,
			);
			runOnlyForDeploymentPostprocessing = 0;
		};
		182136E11B0B209D00EA57E6 /* Sources */ = {
			isa = PBXSourcesBuildPhase;
			buildActionMask = 2147483647;
			files = (
				182136EC1B0B209D00EA57E6 /* SpaceShuttleTests.m in Sources */,
			);
			runOnlyForDeploymentPostprocessing = 0;
		};
/* End PBXSourcesBuildPhase section */

/* Begin PBXTargetDependency section */
		182136E71B0B209D00EA57E6 /* PBXTargetDependency */ = {
			isa = PBXTargetDependency;
			target = 182136CB1B0B209D00EA57E6 /* SpaceShuttle */;
			targetProxy = 182136E61B0B209D00EA57E6 /* PBXContainerItemProxy */;
		};
/* End PBXTargetDependency section */

/* Begin PBXVariantGroup section */
		182136D91B0B209D00EA57E6 /* Main.storyboard */ = {
			isa = PBXVariantGroup;
			children = (
				182136DA1B0B209D00EA57E6 /* Base */,
			);
			name = Main.storyboard;
			sourceTree = "<group>";
		};
		182136DE1B0B209D00EA57E6 /* LaunchScreen.xib */ = {
			isa = PBXVariantGroup;
			children = (
				182136DF1B0B209D00EA57E6 /* Base */,
			);
			name = LaunchScreen.xib;
			sourceTree = "<group>";
		};
/* End PBXVariantGroup section */

/* Begin XCBuildConfiguration section */
		182136ED1B0B209D00EA57E6 /* Debug */ = {
			isa = XCBuildConfiguration;
			buildSettings = {
				ALWAYS_SEARCH_USER_PATHS = NO;
				CLANG_CXX_LANGUAGE_STANDARD = "gnu++0x";
				CLANG_CXX_LIBRARY = "libc++";
				CLANG_ENABLE_MODULES = YES;
				CLANG_ENABLE_OBJC_ARC = YES;
				CLANG_WARN_BOOL_CONVERSION = YES;
				CLANG_WARN_CONSTANT_CONVERSION = YES;
				CLANG_WARN_DIRECT_OBJC_ISA_USAGE = YES_ERROR;
				CLANG_WARN_EMPTY_BODY = YES;
				CLANG_WARN_ENUM_CONVERSION = YES;
				CLANG_WARN_INT_CONVERSION = YES;
				CLANG_WARN_OBJC_ROOT_CLASS = YES_ERROR;
				CLANG_WARN_UNREACHABLE_CODE = YES;
				CLANG_WARN__DUPLICATE_METHOD_MATCH = YES;
				"CODE_SIGN_IDENTITY[sdk=iphoneos*]" = "iPhone Developer";
				COPY_PHASE_STRIP = NO;
				DEBUG_INFORMATION_FORMAT = "dwarf-with-dsym";
				ENABLE_STRICT_OBJC_MSGSEND = YES;
				GCC_C_LANGUAGE_STANDARD = gnu99;
				GCC_DYNAMIC_NO_PIC = NO;
				GCC_NO_COMMON_BLOCKS = YES;
				GCC_OPTIMIZATION_LEVEL = 0;
				GCC_PREPROCESSOR_DEFINITIONS = (
					"DEBUG=1",
					"$(inherited)",
				);
				GCC_SYMBOLS_PRIVATE_EXTERN = NO;
				GCC_WARN_64_TO_32_BIT_CONVERSION = YES;
				GCC_WARN_ABOUT_RETURN_TYPE = YES_ERROR;
				GCC_WARN_UNDECLARED_SELECTOR = YES;
				GCC_WARN_UNINITIALIZED_AUTOS = YES_AGGRESSIVE;
				GCC_WARN_UNUSED_FUNCTION = YES;
				GCC_WARN_UNUSED_VARIABLE = YES;
				IPHONEOS_DEPLOYMENT_TARGET = 8.3;
				MTL_ENABLE_DEBUG_INFO = YES;
				ONLY_ACTIVE_ARCH = YES;
				SDKROOT = iphoneos;
			};
			name = Debug;
		};
		182136EE1B0B209D00EA57E6 /* Release */ = {
			isa = XCBuildConfiguration;
			buildSettings = {
				ALWAYS_SEARCH_USER_PATHS = NO;
				CLANG_CXX_LANGUAGE_STANDARD = "gnu++0x";
				CLANG_CXX_LIBRARY = "libc++";
				CLANG_ENABLE_MODULES = YES;
				CLANG_ENABLE_OBJC_ARC = YES;
				CLANG_WARN_BOOL_CONVERSION = YES;
				CLANG_WARN_CONSTANT_CONVERSION = YES;
				CLANG_WARN_DIRECT_OBJC_ISA_USAGE = YES_ERROR;
				CLANG_WARN_EMPTY_BODY = YES;
				CLANG_WARN_ENUM_CONVERSION = YES;
				CLANG_WARN_INT_CONVERSION = YES;
				CLANG_WARN_OBJC_ROOT_CLASS = YES_ERROR;
				CLANG_WARN_UNREACHABLE_CODE = YES;
				CLANG_WARN__DUPLICATE_METHOD_MATCH = YES;
				"CODE_SIGN_IDENTITY[sdk=iphoneos*]" = "iPhone Developer";
				COPY_PHASE_STRIP = NO;
				DEBUG_INFORMATION_FORMAT = "dwarf-with-dsym";
				ENABLE_NS_ASSERTIONS = NO;
				ENABLE_STRICT_OBJC_MSGSEND = YES;
				GCC_C_LANGUAGE_STANDARD = gnu99;
				GCC_NO_COMMON_BLOCKS = YES;
				GCC_WARN_64_TO_32_BIT_CONVERSION = YES;
				GCC_WARN_ABOUT_RETURN_TYPE = YES_ERROR;
				GCC_WARN_UNDECLARED_SELECTOR = YES;
				GCC_WARN_UNINITIALIZED_AUTOS = YES_AGGRESSIVE;
				GCC_WARN_UNUSED_FUNCTION = YES;
				GCC_WARN_UNUSED_VARIABLE = YES;
				IPHONEOS_DEPLOYMENT_TARGET = 8.3;
				MTL_ENABLE_DEBUG_INFO = NO;
				SDKROOT = iphoneos;
				VALIDATE_PRODUCT = YES;
			};
			name = Release;
		};
		182136F01B0B209D00EA57E6 /* Debug */ = {
			isa = XCBuildConfiguration;
			buildSettings = {
				ASSETCATALOG_COMPILER_APPICON_NAME = AppIcon;
				INFOPLIST_FILE = SpaceShuttle/Info.plist;
				LD_RUNPATH_SEARCH_PATHS = "$(inherited) @executable_path/Frameworks";
				PRODUCT_NAME = "$(TARGET_NAME)";
			};
			name = Debug;
		};
		182136F11B0B209D00EA57E6 /* Release */ = {
			isa = XCBuildConfiguration;
			buildSettings = {
				ASSETCATALOG_COMPILER_APPICON_NAME = AppIcon;
				INFOPLIST_FILE = SpaceShuttle/Info.plist;
				LD_RUNPATH_SEARCH_PATHS = "$(inherited) @executable_path/Frameworks";
				PRODUCT_NAME = "$(TARGET_NAME)";
			};
			name = Release;
		};
		182136F31B0B209D00EA57E6 /* Debug */ = {
			isa = XCBuildConfiguration;
			buildSettings = {
				BUNDLE_LOADER = "$(TEST_HOST)";
				FRAMEWORK_SEARCH_PATHS = (
					"$(SDKROOT)/Developer/Library/Frameworks",
					"$(inherited)",
				);
				GCC_PREPROCESSOR_DEFINITIONS = (
					"DEBUG=1",
					"$(inherited)",
				);
				INFOPLIST_FILE = SpaceShuttleTests/Info.plist;
				LD_RUNPATH_SEARCH_PATHS = "$(inherited) @executable_path/Frameworks @loader_path/Frameworks";
				PRODUCT_NAME = "$(TARGET_NAME)";
				TEST_HOST = "$(BUILT_PRODUCTS_DIR)/SpaceShuttle.app/SpaceShuttle";
			};
			name = Debug;
		};
		182136F41B0B209D00EA57E6 /* Release */ = {
			isa = XCBuildConfiguration;
			buildSettings = {
				BUNDLE_LOADER = "$(TEST_HOST)";
				FRAMEWORK_SEARCH_PATHS = (
					"$(SDKROOT)/Developer/Library/Frameworks",
					"$(inherited)",
				);
				INFOPLIST_FILE = SpaceShuttleTests/Info.plist;
				LD_RUNPATH_SEARCH_PATHS = "$(inherited) @executable_path/Frameworks @loader_path/Frameworks";
				PRODUCT_NAME = "$(TARGET_NAME)";
				TEST_HOST = "$(BUILT_PRODUCTS_DIR)/SpaceShuttle.app/SpaceShuttle";
			};
			name = Release;
		};
/* End XCBuildConfiguration section */

/* Begin XCConfigurationList section */
		182136C71B0B209D00EA57E6 /* Build configuration list for PBXProject "SpaceShuttle" */ = {
			isa = XCConfigurationList;
			buildConfigurations = (
				182136ED1B0B209D00EA57E6 /* Debug */,
				182136EE1B0B209D00EA57E6 /* Release */,
			);
			defaultConfigurationIsVisible = 0;
			defaultConfigurationName = Release;
		};
		182136EF1B0B209D00EA57E6 /* Build configuration list for PBXNativeTarget "SpaceShuttle" */ = {
			isa = XCConfigurationList;
			buildConfigurations = (
				182136F01B0B209D00EA57E6 /* Debug */,
				182136F11B0B209D00EA57E6 /* Release */,
			);
			defaultConfigurationIsVisible = 0;
			defaultConfigurationName = Release;
		};
		182136F21B0B209D00EA57E6 /* Build configuration list for PBXNativeTarget "SpaceShuttleTests" */ = {
			isa = XCConfigurationList;
			buildConfigurations = (
				182136F31B0B209D00EA57E6 /* Debug */,
				182136F41B0B209D00EA57E6 /* Release */,
			);
			defaultConfigurationIsVisible = 0;
			defaultConfigurationName = Release;
		};
/* End XCConfigurationList section */
	};
	rootObject = 182136C41B0B209D00EA57E6 /* Project object */;
}
